[{<<"cowlib">>,".*",
  {git,"git://github.com/ninenines/cowlib.git",
       {ref,"7d8a571b1e50602d701ca203fbf28036b2cf80f5"}},
  0},
 {<<"dispcount">>,"1.0.2",
  {git,"https://github.com/ferd/dispcount.git",
       {ref,"192139f5c1bbd32245f3986d4b1bfd1e7c1ddf9f"}},
  1},
 {<<"dlhttpc">>,".*",
  {git,"git://github.com/ferd/dlhttpc.git",
       {ref,"208cf1072ce65a44e291ceb15e6f61a84a4d509f"}},
  0},
 {<<"jsx">>,".*",
  {git,"git://github.com/talentdeficit/jsx.git",
       {ref,"4d549dd8a990e282c3d57c5f73213674c05ebf07"}},
  0}].
